
Microsoft Visual Studio Solution File, Format Version 12.00
# Visual Studio 2012
Project("{FAE04EC0-301F-11D3-BF4B-00C04F79EFBC}") = "Sodium", "sodium\Sodium.csproj", "{CC18D685-53D9-4A66-8CCA-3E8ED4EC8F13}"
EndProject
Project("{FAE04EC0-301F-11D3-BF4B-00C04F79EFBC}") = "Sodium.Tests", "tests\UnitTests\Sodium.Tests.csproj", "{1D1FFCFA-CDD6-401A-BE6A-D079CC98200B}"
EndProject
Project("{2150E333-8FDC-42A3-9474-1A3956D46DE8}") = "Examples", "Examples", "{019F3FF6-66A8-400C-92F8-7DE8FBF44851}"
EndProject
Project("{FAE04EC0-301F-11D3-BF4B-00C04F79EFBC}") = "Sodium.Examples.MouseMove", "examples\MouseMove\Sodium.Examples.MouseMove.csproj", "{EA5D9EBC-4B79-4971-9E96-755B688B1825}"
EndProject
Project("{2150E333-8FDC-42A3-9474-1A3956D46DE8}") = "Tests", "Tests", "{3FF7AA6A-3EE2-435E-B28C-E2B6F065C474}"
EndProject
Project("{2150E333-8FDC-42A3-9474-1A3956D46DE8}") = "UnitTests", "UnitTests", "{8371B92E-6AAD-4207-8F41-0EAC70D74AAA}"
EndProject
Project("{2150E333-8FDC-42A3-9474-1A3956D46DE8}") = "MemoryTests", "MemoryTests", "{08AA5695-9AD5-4C0A-B6AE-175CF700A4F3}"
EndProject
Project("{FAE04EC0-301F-11D3-BF4B-00C04F79EFBC}") = "Sodium.MemoryTests", "tests\MemoryTests\Sodium.MemoryTests.csproj", "{F6BA09F8-17E3-402C-86ED-A717804A3A14}"
EndProject
Project("{2150E333-8FDC-42A3-9474-1A3956D46DE8}") = "Documentation", "Documentation", "{F828071F-45D1-40DB-AEBA-7D12C2B12440}"
EndProject
Project("{7CF6DF6D-3B04-46F8-A40B-537D21BCA0B4}") = "Sodium.Documentation", "documentation\Sodium.Documentation.shfbproj", "{08FCB85E-E1DE-4DAD-90CC-5652E7462451}"
	ProjectSection(ProjectDependencies) = postProject
		{CC18D685-53D9-4A66-8CCA-3E8ED4EC8F13} = {CC18D685-53D9-4A66-8CCA-3E8ED4EC8F13}
	EndProjectSection
EndProject
Global
	GlobalSection(SolutionConfigurationPlatforms) = preSolution
		Debug|Any CPU = Debug|Any CPU
		Release|Any CPU = Release|Any CPU
	EndGlobalSection
	GlobalSection(ProjectConfigurationPlatforms) = postSolution
		{CC18D685-53D9-4A66-8CCA-3E8ED4EC8F13}.Debug|Any CPU.ActiveCfg = Debug|Any CPU
		{CC18D685-53D9-4A66-8CCA-3E8ED4EC8F13}.Debug|Any CPU.Build.0 = Debug|Any CPU
		{CC18D685-53D9-4A66-8CCA-3E8ED4EC8F13}.Release|Any CPU.ActiveCfg = Release|Any CPU
		{CC18D685-53D9-4A66-8CCA-3E8ED4EC8F13}.Release|Any CPU.Build.0 = Release|Any CPU
		{1D1FFCFA-CDD6-401A-BE6A-D079CC98200B}.Debug|Any CPU.ActiveCfg = Debug|Any CPU
		{1D1FFCFA-CDD6-401A-BE6A-D079CC98200B}.Debug|Any CPU.Build.0 = Debug|Any CPU
		{1D1FFCFA-CDD6-401A-BE6A-D079CC98200B}.Release|Any CPU.ActiveCfg = Release|Any CPU
		{1D1FFCFA-CDD6-401A-BE6A-D079CC98200B}.Release|Any CPU.Build.0 = Release|Any CPU
		{EA5D9EBC-4B79-4971-9E96-755B688B1825}.Debug|Any CPU.ActiveCfg = Debug|Any CPU
		{EA5D9EBC-4B79-4971-9E96-755B688B1825}.Debug|Any CPU.Build.0 = Debug|Any CPU
		{EA5D9EBC-4B79-4971-9E96-755B688B1825}.Release|Any CPU.ActiveCfg = Release|Any CPU
		{EA5D9EBC-4B79-4971-9E96-755B688B1825}.Release|Any CPU.Build.0 = Release|Any CPU
		{F6BA09F8-17E3-402C-86ED-A717804A3A14}.Debug|Any CPU.ActiveCfg = Debug|Any CPU
		{F6BA09F8-17E3-402C-86ED-A717804A3A14}.Debug|Any CPU.Build.0 = Debug|Any CPU
		{F6BA09F8-17E3-402C-86ED-A717804A3A14}.Release|Any CPU.ActiveCfg = Release|Any CPU
		{F6BA09F8-17E3-402C-86ED-A717804A3A14}.Release|Any CPU.Build.0 = Release|Any CPU
		{08FCB85E-E1DE-4DAD-90CC-5652E7462451}.Debug|Any CPU.ActiveCfg = Debug|Any CPU
		{08FCB85E-E1DE-4DAD-90CC-5652E7462451}.Debug|Any CPU.Build.0 = Debug|Any CPU
		{08FCB85E-E1DE-4DAD-90CC-5652E7462451}.Release|Any CPU.ActiveCfg = Release|Any CPU
		{08FCB85E-E1DE-4DAD-90CC-5652E7462451}.Release|Any CPU.Build.0 = Release|Any CPU
	EndGlobalSection
	GlobalSection(SolutionProperties) = preSolution
		HideSolutionNode = FALSE
	EndGlobalSection
	GlobalSection(NestedProjects) = preSolution
		{8371B92E-6AAD-4207-8F41-0EAC70D74AAA} = {3FF7AA6A-3EE2-435E-B28C-E2B6F065C474}
		{08AA5695-9AD5-4C0A-B6AE-175CF700A4F3} = {3FF7AA6A-3EE2-435E-B28C-E2B6F065C474}
		{EA5D9EBC-4B79-4971-9E96-755B688B1825} = {019F3FF6-66A8-400C-92F8-7DE8FBF44851}
		{1D1FFCFA-CDD6-401A-BE6A-D079CC98200B} = {8371B92E-6AAD-4207-8F41-0EAC70D74AAA}
		{F6BA09F8-17E3-402C-86ED-A717804A3A14} = {08AA5695-9AD5-4C0A-B6AE-175CF700A4F3}
		{08FCB85E-E1DE-4DAD-90CC-5652E7462451} = {F828071F-45D1-40DB-AEBA-7D12C2B12440}
	EndGlobalSection
EndGlobal
